lockfileVersion: 5.4

importers:

  packages/config:
    specifiers:
      '@mini-unocss/core': workspace:*
      unconfig: ^0.3.7
    dependencies:
      '@mini-unocss/core': link:../core
      unconfig: 0.3.7

packages:

  /@antfu/utils/0.5.2:
    resolution: {integrity: sha512-CQkeV+oJxUazwjlHD0/3ZD08QWKuGQkhnrKo3e6ly5pd48VUpXbb77q0xMU4+vc2CkJnDS02Eq/M9ugyX20XZA==}
    dev: false

  /defu/6.1.1:
    resolution: {integrity: sha512-aA964RUCsBt0FGoNIlA3uFgo2hO+WWC0fiC6DBps/0SFzkKcYoM/3CzVLIa5xSsrFjdioMdYgAIbwo80qp2MoA==}
    dev: false

  /jiti/1.16.0:
    resolution: {integrity: sha512-L3BJStEf5NAqNuzrpfbN71dp43mYIcBUlCRea/vdyv5dW/AYa1d4bpelko4SHdY3I6eN9Wzyasxirj1/vv5kmg==}
    hasBin: true
    dev: false

  /unconfig/0.3.7:
    resolution: {integrity: sha512-1589b7oGa8ILBYpta7TndM5mLHLzHUqBfhszeZxuUBrjO/RoQ52VGVWsS3w0C0GLNxO9RPmqkf6BmIvBApaRdA==}
    dependencies:
      '@antfu/utils': 0.5.2
      defu: 6.1.1
      jiti: 1.16.0
    dev: false
